// !$*UTF8*$!
{
	archiveVersion = 1;
	classes = {
	};
	objectVersion = 46;
	objects = {

/* Begin PBXBuildFile section */
		024BDC191CE3CF3B0030D24A /* YouTubeInMP3Client.h in Headers */ = {isa = PBXBuildFile; fileRef = 024BDC181CE3CF3B0030D24A /* YouTubeInMP3Client.h */; settings = {ATTRIBUTES = (Public, ); }; };
		024BDC211CE3CF470030D24A /* YouTubeInMP3Client.swift in Sources */ = {isa = PBXBuildFile; fileRef = 024BDC201CE3CF470030D24A /* YouTubeInMP3Client.swift */; };
		024BDC321CE40C630030D24A /* YouTubeInMP3ClientTests.swift in Sources */ = {isa = PBXBuildFile; fileRef = 024BDC311CE40C630030D24A /* YouTubeInMP3ClientTests.swift */; };
		024BDC341CE40C630030D24A /* YouTubeInMP3Client.framework in Frameworks */ = {isa = PBXBuildFile; fileRef = 024BDC151CE3CF3B0030D24A /* YouTubeInMP3Client.framework */; };
		024BDC3B1CE40D120030D24A /* cartfile in Resources */ = {isa = PBXBuildFile; fileRef = 024BDC3A1CE40D120030D24A /* cartfile */; };
		024BDC3E1CE40EA00030D24A /* Package.swift in Sources */ = {isa = PBXBuildFile; fileRef = 024BDC3D1CE40EA00030D24A /* Package.swift */; };
		024BDC411CE40F200030D24A /* Alamofire.framework in Frameworks */ = {isa = PBXBuildFile; fileRef = 024BDC3F1CE40F0B0030D24A /* Alamofire.framework */; };
		024BDC491CE45A9F0030D24A /* Fuzi.framework in Frameworks */ = {isa = PBXBuildFile; fileRef = 024BDC451CE458160030D24A /* Fuzi.framework */; };
		024BDC4F1CE462720030D24A /* String+substringFromIndex.swift in Sources */ = {isa = PBXBuildFile; fileRef = 024BDC4E1CE462720030D24A /* String+substringFromIndex.swift */; };
/* End PBXBuildFile section */

/* Begin PBXContainerItemProxy section */
		024BDC351CE40C630030D24A /* PBXContainerItemProxy */ = {
			isa = PBXContainerItemProxy;
			containerPortal = 024BDC0C1CE3CF3B0030D24A /* Project object */;
			proxyType = 1;
			remoteGlobalIDString = 024BDC141CE3CF3B0030D24A;
			remoteInfo = YouTubeInMP3Client;
		};
/* End PBXContainerItemProxy section */

/* Begin PBXFileReference section */
		024BDC151CE3CF3B0030D24A /* YouTubeInMP3Client.framework */ = {isa = PBXFileReference; explicitFileType = wrapper.framework; includeInIndex = 0; path = YouTubeInMP3Client.framework; sourceTree = BUILT_PRODUCTS_DIR; };
		024BDC181CE3CF3B0030D24A /* YouTubeInMP3Client.h */ = {isa = PBXFileReference; lastKnownFileType = sourcecode.c.h; path = YouTubeInMP3Client.h; sourceTree = "<group>"; };
		024BDC1A1CE3CF3B0030D24A /* Info.plist */ = {isa = PBXFileReference; lastKnownFileType = text.plist.xml; path = Info.plist; sourceTree = "<group>"; };
		024BDC201CE3CF470030D24A /* YouTubeInMP3Client.swift */ = {isa = PBXFileReference; fileEncoding = 4; lastKnownFileType = sourcecode.swift; path = YouTubeInMP3Client.swift; sourceTree = "<group>"; };
		024BDC2F1CE40C630030D24A /* YouTubeInMP3ClientTests.xctest */ = {isa = PBXFileReference; explicitFileType = wrapper.cfbundle; includeInIndex = 0; path = YouTubeInMP3ClientTests.xctest; sourceTree = BUILT_PRODUCTS_DIR; };
		024BDC311CE40C630030D24A /* YouTubeInMP3ClientTests.swift */ = {isa = PBXFileReference; lastKnownFileType = sourcecode.swift; path = YouTubeInMP3ClientTests.swift; sourceTree = "<group>"; };
		024BDC331CE40C630030D24A /* Info.plist */ = {isa = PBXFileReference; lastKnownFileType = text.plist.xml; path = Info.plist; sourceTree = "<group>"; };
		024BDC3A1CE40D120030D24A /* cartfile */ = {isa = PBXFileReference; fileEncoding = 4; lastKnownFileType = text; path = cartfile; sourceTree = "<group>"; };
		024BDC3D1CE40EA00030D24A /* Package.swift */ = {isa = PBXFileReference; fileEncoding = 4; lastKnownFileType = sourcecode.swift; path = Package.swift; sourceTree = "<group>"; };
		024BDC3F1CE40F0B0030D24A /* Alamofire.framework */ = {isa = PBXFileReference; lastKnownFileType = wrapper.framework; name = Alamofire.framework; path = Carthage/Build/iOS/Alamofire.framework; sourceTree = "<group>"; };
		024BDC451CE458160030D24A /* Fuzi.framework */ = {isa = PBXFileReference; lastKnownFileType = wrapper.framework; name = Fuzi.framework; path = Carthage/Build/iOS/Fuzi.framework; sourceTree = "<group>"; };
		024BDC4E1CE462720030D24A /* String+substringFromIndex.swift */ = {isa = PBXFileReference; fileEncoding = 4; lastKnownFileType = sourcecode.swift; path = "String+substringFromIndex.swift"; sourceTree = "<group>"; };
/* End PBXFileReference section */

/* Begin PBXFrameworksBuildPhase section */
		024BDC111CE3CF3B0030D24A /* Frameworks */ = {
			isa = PBXFrameworksBuildPhase;
			buildActionMask = 2147483647;
			files = (
				024BDC411CE40F200030D24A /* Alamofire.framework in Frameworks */,
				024BDC491CE45A9F0030D24A /* Fuzi.framework in Frameworks */,
			);
			runOnlyForDeploymentPostprocessing = 0;
		};
		024BDC2C1CE40C630030D24A /* Frameworks */ = {
			isa = PBXFrameworksBuildPhase;
			buildActionMask = 2147483647;
			files = (
				024BDC341CE40C630030D24A /* YouTubeInMP3Client.framework in Frameworks */,
			);
			runOnlyForDeploymentPostprocessing = 0;
		};
/* End PBXFrameworksBuildPhase section */

/* Begin PBXGroup section */
		024BDC0B1CE3CF3B0030D24A = {
			isa = PBXGroup;
			children = (
				024BDC451CE458160030D24A /* Fuzi.framework */,
				024BDC3F1CE40F0B0030D24A /* Alamofire.framework */,
				024BDC3D1CE40EA00030D24A /* Package.swift */,
				024BDC3A1CE40D120030D24A /* cartfile */,
				024BDC301CE40C630030D24A /* Tests */,
				024BDC161CE3CF3B0030D24A /* Products */,
				024BDC171CE3CF3B0030D24A /* Source */,
			);
			sourceTree = "<group>";
		};
		024BDC161CE3CF3B0030D24A /* Products */ = {
			isa = PBXGroup;
			children = (
				024BDC151CE3CF3B0030D24A /* YouTubeInMP3Client.framework */,
				024BDC2F1CE40C630030D24A /* YouTubeInMP3ClientTests.xctest */,
			);
			name = Products;
			sourceTree = "<group>";
		};
		024BDC171CE3CF3B0030D24A /* Source */ = {
			isa = PBXGroup;
			children = (
				024BDC1A1CE3CF3B0030D24A /* Info.plist */,
				024BDC181CE3CF3B0030D24A /* YouTubeInMP3Client.h */,
				024BDC201CE3CF470030D24A /* YouTubeInMP3Client.swift */,
				024BDC4E1CE462720030D24A /* String+substringFromIndex.swift */,
			);
			path = Source;
			sourceTree = "<group>";
		};
		024BDC301CE40C630030D24A /* Tests */ = {
			isa = PBXGroup;
			children = (
				024BDC311CE40C630030D24A /* YouTubeInMP3ClientTests.swift */,
				024BDC331CE40C630030D24A /* Info.plist */,
			);
			name = Tests;
			path = YouTubeInMP3ClientTests;
			sourceTree = "<group>";
		};
/* End PBXGroup section */

/* Begin PBXHeadersBuildPhase section */
		024BDC121CE3CF3B0030D24A /* Headers */ = {
			isa = PBXHeadersBuildPhase;
			buildActionMask = 2147483647;
			files = (
				024BDC191CE3CF3B0030D24A /* YouTubeInMP3Client.h in Headers */,
			);
			runOnlyForDeploymentPostprocessing = 0;
		};
/* End PBXHeadersBuildPhase section */

/* Begin PBXNativeTarget section */
		024BDC141CE3CF3B0030D24A /* YouTubeInMP3Client */ = {
			isa = PBXNativeTarget;
			buildConfigurationList = 024BDC1D1CE3CF3B0030D24A /* Build configuration list for PBXNativeTarget "YouTubeInMP3Client" */;
			buildPhases = (
				024BDC101CE3CF3B0030D24A /* Sources */,
				024BDC111CE3CF3B0030D24A /* Frameworks */,
				024BDC121CE3CF3B0030D24A /* Headers */,
				024BDC131CE3CF3B0030D24A /* Resources */,
				024BDC441CE453500030D24A /* ShellScript */,
			);
			buildRules = (
			);
			dependencies = (
			);
			name = YouTubeInMP3Client;
			productName = YouTubeInMP3Client;
			productReference = 024BDC151CE3CF3B0030D24A /* YouTubeInMP3Client.framework */;
			productType = "com.apple.product-type.framework";
		};
		024BDC2E1CE40C630030D24A /* YouTubeInMP3ClientTests */ = {
			isa = PBXNativeTarget;
			buildConfigurationList = 024BDC371CE40C630030D24A /* Build configuration list for PBXNativeTarget "YouTubeInMP3ClientTests" */;
			buildPhases = (
				024BDC2B1CE40C630030D24A /* Sources */,
				024BDC2C1CE40C630030D24A /* Frameworks */,
				024BDC2D1CE40C630030D24A /* Resources */,
			);
			buildRules = (
			);
			dependencies = (
				024BDC361CE40C630030D24A /* PBXTargetDependency */,
			);
			name = YouTubeInMP3ClientTests;
			productName = YouTubeInMP3ClientTests;
			productReference = 024BDC2F1CE40C630030D24A /* YouTubeInMP3ClientTests.xctest */;
			productType = "com.apple.product-type.bundle.unit-test";
		};
/* End PBXNativeTarget section */

/* Begin PBXProject section */
		024BDC0C1CE3CF3B0030D24A /* Project object */ = {
			isa = PBXProject;
			attributes = {
				LastSwiftUpdateCheck = 0730;
				LastUpgradeCheck = 0730;
				ORGANIZATIONNAME = "Miles Hollingsworth";
				TargetAttributes = {
					024BDC141CE3CF3B0030D24A = {
						CreatedOnToolsVersion = 7.3.1;
					};
					024BDC2E1CE40C630030D24A = {
						CreatedOnToolsVersion = 7.3.1;
					};
				};
			};
			buildConfigurationList = 024BDC0F1CE3CF3B0030D24A /* Build configuration list for PBXProject "YouTubeInMP3Client" */;
			compatibilityVersion = "Xcode 3.2";
			developmentRegion = English;
			hasScannedForEncodings = 0;
			knownRegions = (
				en,
			);
			mainGroup = 024BDC0B1CE3CF3B0030D24A;
			productRefGroup = 024BDC161CE3CF3B0030D24A /* Products */;
			projectDirPath = "";
			projectRoot = "";
			targets = (
				024BDC141CE3CF3B0030D24A /* YouTubeInMP3Client */,
				024BDC2E1CE40C630030D24A /* YouTubeInMP3ClientTests */,
			);
		};
/* End PBXProject section */

/* Begin PBXResourcesBuildPhase section */
		024BDC131CE3CF3B0030D24A /* Resources */ = {
			isa = PBXResourcesBuildPhase;
			buildActionMask = 2147483647;
			files = (
				024BDC3B1CE40D120030D24A /* cartfile in Resources */,
			);
			runOnlyForDeploymentPostprocessing = 0;
		};
		024BDC2D1CE40C630030D24A /* Resources */ = {
			isa = PBXResourcesBuildPhase;
			buildActionMask = 2147483647;
			files = (
			);
			runOnlyForDeploymentPostprocessing = 0;
		};
/* End PBXResourcesBuildPhase section */

/* Begin PBXShellScriptBuildPhase section */
		024BDC441CE453500030D24A /* ShellScript */ = {
			isa = PBXShellScriptBuildPhase;
			buildActionMask = 2147483647;
			files = (
			);
			inputPaths = (
				"$(SRCROOT)/Carthage/Build/iOS/Alamofire.framework",
				"$(SRCROOT)/Carthage/Build/iOS/Fuzi.framework",
			);
			outputPaths = (
			);
			runOnlyForDeploymentPostprocessing = 0;
			shellPath = /bin/sh;
			shellScript = "/usr/local/bin/carthage copy-frameworks";
		};
/* End PBXShellScriptBuildPhase section */

/* Begin PBXSourcesBuildPhase section */
		024BDC101CE3CF3B0030D24A /* Sources */ = {
			isa = PBXSourcesBuildPhase;
			buildActionMask = 2147483647;
			files = (
				024BDC4F1CE462720030D24A /* String+substringFromIndex.swift in Sources */,
				024BDC3E1CE40EA00030D24A /* Package.swift in Sources */,
				024BDC211CE3CF470030D24A /* YouTubeInMP3Client.swift in Sources */,
			);
			runOnlyForDeploymentPostprocessing = 0;
		};
		024BDC2B1CE40C630030D24A /* Sources */ = {
			isa = PBXSourcesBuildPhase;
			buildActionMask = 2147483647;
			files = (
				024BDC321CE40C630030D24A /* YouTubeInMP3ClientTests.swift in Sources */,
			);
			runOnlyForDeploymentPostprocessing = 0;
		};
/* End PBXSourcesBuildPhase section */

/* Begin PBXTargetDependency section */
		024BDC361CE40C630030D24A /* PBXTargetDependency */ = {
			isa = PBXTargetDependency;
			target = 024BDC141CE3CF3B0030D24A /* YouTubeInMP3Client */;
			targetProxy = 024BDC351CE40C630030D24A /* PBXContainerItemProxy */;
		};
/* End PBXTargetDependency section */

/* Begin XCBuildConfiguration section */
		024BDC1B1CE3CF3B0030D24A /* Debug */ = {
			isa = XCBuildConfiguration;
			buildSettings = {
				ALWAYS_SEARCH_USER_PATHS = NO;
				CLANG_ANALYZER_NONNULL = YES;
				CLANG_CXX_LANGUAGE_STANDARD = "gnu++0x";
				CLANG_CXX_LIBRARY = "libc++";
				CLANG_ENABLE_MODULES = YES;
				CLANG_ENABLE_OBJC_ARC = YES;
				CLANG_WARN_BOOL_CONVERSION = YES;
				CLANG_WARN_CONSTANT_CONVERSION = YES;
				CLANG_WARN_DIRECT_OBJC_ISA_USAGE = YES_ERROR;
				CLANG_WARN_EMPTY_BODY = YES;
				CLANG_WARN_ENUM_CONVERSION = YES;
				CLANG_WARN_INT_CONVERSION = YES;
				CLANG_WARN_OBJC_ROOT_CLASS = YES_ERROR;
				CLANG_WARN_UNREACHABLE_CODE = YES;
				CLANG_WARN__DUPLICATE_METHOD_MATCH = YES;
				"CODE_SIGN_IDENTITY[sdk=iphoneos*]" = "iPhone Developer";
				COPY_PHASE_STRIP = NO;
				CURRENT_PROJECT_VERSION = 1;
				DEBUG_INFORMATION_FORMAT = dwarf;
				ENABLE_STRICT_OBJC_MSGSEND = YES;
				ENABLE_TESTABILITY = YES;
				GCC_C_LANGUAGE_STANDARD = gnu99;
				GCC_DYNAMIC_NO_PIC = NO;
				GCC_NO_COMMON_BLOCKS = YES;
				GCC_OPTIMIZATION_LEVEL = 0;
				GCC_PREPROCESSOR_DEFINITIONS = (
					"DEBUG=1",
					"$(inherited)",
				);
				GCC_WARN_64_TO_32_BIT_CONVERSION = YES;
				GCC_WARN_ABOUT_RETURN_TYPE = YES_ERROR;
				GCC_WARN_UNDECLARED_SELECTOR = YES;
				GCC_WARN_UNINITIALIZED_AUTOS = YES_AGGRESSIVE;
				GCC_WARN_UNUSED_FUNCTION = YES;
				GCC_WARN_UNUSED_VARIABLE = YES;
				IPHONEOS_DEPLOYMENT_TARGET = 9.3;
				MTL_ENABLE_DEBUG_INFO = YES;
				ONLY_ACTIVE_ARCH = YES;
				SDKROOT = iphoneos;
				SWIFT_OPTIMIZATION_LEVEL = "-Onone";
				TARGETED_DEVICE_FAMILY = "1,2";
				VERSIONING_SYSTEM = "apple-generic";
				VERSION_INFO_PREFIX = "";
			};
			name = Debug;
		};
		024BDC1C1CE3CF3B0030D24A /* Release */ = {
			isa = XCBuildConfiguration;
			buildSettings = {
				ALWAYS_SEARCH_USER_PATHS = NO;
				CLANG_ANALYZER_NONNULL = YES;
				CLANG_CXX_LANGUAGE_STANDARD = "gnu++0x";
				CLANG_CXX_LIBRARY = "libc++";
				CLANG_ENABLE_MODULES = YES;
				CLANG_ENABLE_OBJC_ARC = YES;
				CLANG_WARN_BOOL_CONVERSION = YES;
				CLANG_WARN_CONSTANT_CONVERSION = YES;
				CLANG_WARN_DIRECT_OBJC_ISA_USAGE = YES_ERROR;
				CLANG_WARN_EMPTY_BODY = YES;
				CLANG_WARN_ENUM_CONVERSION = YES;
				CLANG_WARN_INT_CONVERSION = YES;
				CLANG_WARN_OBJC_ROOT_CLASS = YES_ERROR;
				CLANG_WARN_UNREACHABLE_CODE = YES;
				CLANG_WARN__DUPLICATE_METHOD_MATCH = YES;
				"CODE_SIGN_IDENTITY[sdk=iphoneos*]" = "iPhone Developer";
				COPY_PHASE_STRIP = NO;
				CURRENT_PROJECT_VERSION = 1;
				DEBUG_INFORMATION_FORMAT = "dwarf-with-dsym";
				ENABLE_NS_ASSERTIONS = NO;
				ENABLE_STRICT_OBJC_MSGSEND = YES;
				GCC_C_LANGUAGE_STANDARD = gnu99;
				GCC_NO_COMMON_BLOCKS = YES;
				GCC_WARN_64_TO_32_BIT_CONVERSION = YES;
				GCC_WARN_ABOUT_RETURN_TYPE = YES_ERROR;
				GCC_WARN_UNDECLARED_SELECTOR = YES;
				GCC_WARN_UNINITIALIZED_AUTOS = YES_AGGRESSIVE;
				GCC_WARN_UNUSED_FUNCTION = YES;
				GCC_WARN_UNUSED_VARIABLE = YES;
				IPHONEOS_DEPLOYMENT_TARGET = 9.3;
				MTL_ENABLE_DEBUG_INFO = NO;
				SDKROOT = iphoneos;
				TARGETED_DEVICE_FAMILY = "1,2";
				VALIDATE_PRODUCT = YES;
				VERSIONING_SYSTEM = "apple-generic";
				VERSION_INFO_PREFIX = "";
			};
			name = Release;
		};
		024BDC1E1CE3CF3B0030D24A /* Debug */ = {
			isa = XCBuildConfiguration;
			buildSettings = {
				CLANG_ENABLE_MODULES = YES;
				DEFINES_MODULE = YES;
				DYLIB_COMPATIBILITY_VERSION = 1;
				DYLIB_CURRENT_VERSION = 1;
				DYLIB_INSTALL_NAME_BASE = "@rpath";
				FRAMEWORK_SEARCH_PATHS = (
					"$(inherited)",
					"$(PROJECT_DIR)/Carthage/Build/iOS",
					"$(SDKROOT)/usr/include/libxml2",
				);
				HEADER_SEARCH_PATHS = "$(SDKROOT)/usr/include/libxml2";
				INFOPLIST_FILE = Source/Info.plist;
				INSTALL_PATH = "$(LOCAL_LIBRARY_DIR)/Frameworks";
				LD_RUNPATH_SEARCH_PATHS = "$(inherited) @executable_path/Frameworks @loader_path/Frameworks";
				PRODUCT_BUNDLE_IDENTIFIER = com.hollylabs.YouTubeInMP3Client;
				PRODUCT_NAME = "$(TARGET_NAME)";
				SKIP_INSTALL = YES;
				SWIFT_OPTIMIZATION_LEVEL = "-Onone";
			};
			name = Debug;
		};
		024BDC1F1CE3CF3B0030D24A /* Release */ = {
			isa = XCBuildConfiguration;
			buildSettings = {
				CLANG_ENABLE_MODULES = YES;
				DEFINES_MODULE = YES;
				DYLIB_COMPATIBILITY_VERSION = 1;
				DYLIB_CURRENT_VERSION = 1;
				DYLIB_INSTALL_NAME_BASE = "@rpath";
				FRAMEWORK_SEARCH_PATHS = (
					"$(inherited)",
					"$(PROJECT_DIR)/Carthage/Build/iOS",
					"$(SDKROOT)/usr/include/libxml2",
				);
				HEADER_SEARCH_PATHS = "$(SDKROOT)/usr/include/libxml2";
				INFOPLIST_FILE = Source/Info.plist;
				INSTALL_PATH = "$(LOCAL_LIBRARY_DIR)/Frameworks";
				LD_RUNPATH_SEARCH_PATHS = "$(inherited) @executable_path/Frameworks @loader_path/Frameworks";
				PRODUCT_BUNDLE_IDENTIFIER = com.hollylabs.YouTubeInMP3Client;
				PRODUCT_NAME = "$(TARGET_NAME)";
				SKIP_INSTALL = YES;
			};
			name = Release;
		};
		024BDC381CE40C630030D24A /* Debug */ = {
			isa = XCBuildConfiguration;
			buildSettings = {
				FRAMEWORK_SEARCH_PATHS = (
					"$(inherited)",
					"$(PROJECT_DIR)/Carthage/Build/iOS",
				);
				INFOPLIST_FILE = YouTubeInMP3ClientTests/Info.plist;
				LD_RUNPATH_SEARCH_PATHS = "$(inherited) @executable_path/Frameworks @loader_path/Frameworks";
				PRODUCT_BUNDLE_IDENTIFIER = com.hollylabs.YouTubeInMP3ClientTests;
				PRODUCT_NAME = "$(TARGET_NAME)";
			};
			name = Debug;
		};
		024BDC391CE40C630030D24A /* Release */ = {
			isa = XCBuildConfiguration;
			buildSettings = {
				FRAMEWORK_SEARCH_PATHS = (
					"$(inherited)",
					"$(PROJECT_DIR)/Carthage/Build/iOS",
				);
				INFOPLIST_FILE = YouTubeInMP3ClientTests/Info.plist;
				LD_RUNPATH_SEARCH_PATHS = "$(inherited) @executable_path/Frameworks @loader_path/Frameworks";
				PRODUCT_BUNDLE_IDENTIFIER = com.hollylabs.YouTubeInMP3ClientTests;
				PRODUCT_NAME = "$(TARGET_NAME)";
			};
			name = Release;
		};
/* End XCBuildConfiguration section */

/* Begin XCConfigurationList section */
		024BDC0F1CE3CF3B0030D24A /* Build configuration list for PBXProject "YouTubeInMP3Client" */ = {
			isa = XCConfigurationList;
			buildConfigurations = (
				024BDC1B1CE3CF3B0030D24A /* Debug */,
				024BDC1C1CE3CF3B0030D24A /* Release */,
			);
			defaultConfigurationIsVisible = 0;
			defaultConfigurationName = Release;
		};
		024BDC1D1CE3CF3B0030D24A /* Build configuration list for PBXNativeTarget "YouTubeInMP3Client" */ = {
			isa = XCConfigurationList;
			buildConfigurations = (
				024BDC1E1CE3CF3B0030D24A /* Debug */,
				024BDC1F1CE3CF3B0030D24A /* Release */,
			);
			defaultConfigurationIsVisible = 0;
			defaultConfigurationName = Release;
		};
		024BDC371CE40C630030D24A /* Build configuration list for PBXNativeTarget "YouTubeInMP3ClientTests" */ = {
			isa = XCConfigurationList;
			buildConfigurations = (
				024BDC381CE40C630030D24A /* Debug */,
				024BDC391CE40C630030D24A /* Release */,
			);
			defaultConfigurationIsVisible = 0;
			defaultConfigurationName = Release;
		};
/* End XCConfigurationList section */
	};
	rootObject = 024BDC0C1CE3CF3B0030D24A /* Project object */;
}
